// !$*UTF8*$!
{
	archiveVersion = 1;
	classes = {
	};
	objectVersion = 46;
	objects = {

/* Begin PBXBuildFile section */
		14B3F9EA150899ED00DD0BE4 /* UIKit.framework in Frameworks */ = {isa = PBXBuildFile; fileRef = 14B3F9E9150899ED00DD0BE4 /* UIKit.framework */; };
		14B3F9EC150899ED00DD0BE4 /* Foundation.framework in Frameworks */ = {isa = PBXBuildFile; fileRef = 14B3F9EB150899ED00DD0BE4 /* Foundation.framework */; };
		14B3F9EE150899ED00DD0BE4 /* CoreGraphics.framework in Frameworks */ = {isa = PBXBuildFile; fileRef = 14B3F9ED150899ED00DD0BE4 /* CoreGraphics.framework */; };
		CE26B2F317D5890600216231 /* AppDelegate.m in Sources */ = {isa = PBXBuildFile; fileRef = CE26B2B117D5890600216231 /* AppDelegate.m */; };
		CE26B2F417D5890600216231 /* BaseViewController.m in Sources */ = {isa = PBXBuildFile; fileRef = CE26B2BA17D5890600216231 /* BaseViewController.m */; };
		CE26B2F517D5890600216231 /* RootViewController.m in Sources */ = {isa = PBXBuildFile; fileRef = CE26B2BE17D5890600216231 /* RootViewController.m */; };
		CE26B2F617D5890600216231 /* libAsiHttpLibrary.a in Frameworks */ = {isa = PBXBuildFile; fileRef = CE26B2D017D5890600216231 /* libAsiHttpLibrary.a */; };
		CE26B2F717D5890600216231 /* libAsiHttpLibrary.a.zip in Resources */ = {isa = PBXBuildFile; fileRef = CE26B2D117D5890600216231 /* libAsiHttpLibrary.a.zip */; };
		CE26B2F817D5890600216231 /* GDataXMLNode.m in Sources */ = {isa = PBXBuildFile; fileRef = CE26B2D617D5890600216231 /* GDataXMLNode.m */; };
		CE26B2F917D5890600216231 /* SqliteLib.m in Sources */ = {isa = PBXBuildFile; fileRef = CE26B2D917D5890600216231 /* SqliteLib.m */; };
		CE26B2FA17D5890600216231 /* AlertUtil.m in Sources */ = {isa = PBXBuildFile; fileRef = CE26B2DF17D5890600216231 /* AlertUtil.m */; };
		CE26B2FB17D5890600216231 /* AppUtil.m in Sources */ = {isa = PBXBuildFile; fileRef = CE26B2E117D5890600216231 /* AppUtil.m */; };
		CE26B2FC17D5890600216231 /* AsyncTask.m in Sources */ = {isa = PBXBuildFile; fileRef = CE26B2E317D5890600216231 /* AsyncTask.m */; };
		CE26B2FD17D5890600216231 /* HttpClient.m in Sources */ = {isa = PBXBuildFile; fileRef = CE26B2E517D5890600216231 /* HttpClient.m */; };
		CE26B2FE17D5890600216231 /* LogUtil.m in Sources */ = {isa = PBXBuildFile; fileRef = CE26B2E717D5890600216231 /* LogUtil.m */; };
		CE26B2FF17D5890600216231 /* InfoPlist.strings in Resources */ = {isa = PBXBuildFile; fileRef = CE26B2E817D5890600216231 /* InfoPlist.strings */; };
		CE26B30017D5890600216231 /* main.m in Sources */ = {isa = PBXBuildFile; fileRef = CE26B2EA17D5890600216231 /* main.m */; };
		CE26B30117D5890600216231 /* ProjectFrame-Info.plist in Resources */ = {isa = PBXBuildFile; fileRef = CE26B2EB17D5890600216231 /* ProjectFrame-Info.plist */; };
		CE542E1D17D38A1A00022C53 /* libsqlite3.dylib in Frameworks */ = {isa = PBXBuildFile; fileRef = CE542E1C17D38A1900022C53 /* libsqlite3.dylib */; };
		CE542E1F17D38A2C00022C53 /* libxml2.dylib in Frameworks */ = {isa = PBXBuildFile; fileRef = CE542E1E17D38A2C00022C53 /* libxml2.dylib */; };
/* End PBXBuildFile section */

/* Begin PBXFileReference section */
		14B3F9E5150899ED00DD0BE4 /* ProjectFrame.app */ = {isa = PBXFileReference; explicitFileType = wrapper.application; includeInIndex = 0; path = ProjectFrame.app; sourceTree = BUILT_PRODUCTS_DIR; };
		14B3F9E9150899ED00DD0BE4 /* UIKit.framework */ = {isa = PBXFileReference; lastKnownFileType = wrapper.framework; name = UIKit.framework; path = System/Library/Frameworks/UIKit.framework; sourceTree = SDKROOT; };
		14B3F9EB150899ED00DD0BE4 /* Foundation.framework */ = {isa = PBXFileReference; lastKnownFileType = wrapper.framework; name = Foundation.framework; path = System/Library/Frameworks/Foundation.framework; sourceTree = SDKROOT; };
		14B3F9ED150899ED00DD0BE4 /* CoreGraphics.framework */ = {isa = PBXFileReference; lastKnownFileType = wrapper.framework; name = CoreGraphics.framework; path = System/Library/Frameworks/CoreGraphics.framework; sourceTree = SDKROOT; };
		CE26B2B017D5890600216231 /* AppDelegate.h */ = {isa = PBXFileReference; fileEncoding = 4; lastKnownFileType = sourcecode.c.h; path = AppDelegate.h; sourceTree = "<group>"; };
		CE26B2B117D5890600216231 /* AppDelegate.m */ = {isa = PBXFileReference; fileEncoding = 4; lastKnownFileType = sourcecode.c.objc; path = AppDelegate.m; sourceTree = "<group>"; };
		CE26B2B517D5890600216231 /* Constant.h */ = {isa = PBXFileReference; fileEncoding = 4; lastKnownFileType = sourcecode.c.h; path = Constant.h; sourceTree = "<group>"; };
		CE26B2B917D5890600216231 /* BaseViewController.h */ = {isa = PBXFileReference; fileEncoding = 4; lastKnownFileType = sourcecode.c.h; path = BaseViewController.h; sourceTree = "<group>"; };
		CE26B2BA17D5890600216231 /* BaseViewController.m */ = {isa = PBXFileReference; fileEncoding = 4; lastKnownFileType = sourcecode.c.objc; path = BaseViewController.m; sourceTree = "<group>"; };
		CE26B2BD17D5890600216231 /* RootViewController.h */ = {isa = PBXFileReference; fileEncoding = 4; lastKnownFileType = sourcecode.c.h; path = RootViewController.h; sourceTree = "<group>"; };
		CE26B2BE17D5890600216231 /* RootViewController.m */ = {isa = PBXFileReference; fileEncoding = 4; lastKnownFileType = sourcecode.c.objc; path = RootViewController.m; sourceTree = "<group>"; };
		CE26B2C417D5890600216231 /* ASIAuthenticationDialog.h */ = {isa = PBXFileReference; fileEncoding = 4; lastKnownFileType = sourcecode.c.h; path = ASIAuthenticationDialog.h; sourceTree = "<group>"; };
		CE26B2C517D5890600216231 /* ASICacheDelegate.h */ = {isa = PBXFileReference; fileEncoding = 4; lastKnownFileType = sourcecode.c.h; path = ASICacheDelegate.h; sourceTree = "<group>"; };
		CE26B2C617D5890600216231 /* ASIDataCompressor.h */ = {isa = PBXFileReference; fileEncoding = 4; lastKnownFileType = sourcecode.c.h; path = ASIDataCompressor.h; sourceTree = "<group>"; };
		CE26B2C717D5890600216231 /* ASIDataDecompressor.h */ = {isa = PBXFileReference; fileEncoding = 4; lastKnownFileType = sourcecode.c.h; path = ASIDataDecompressor.h; sourceTree = "<group>"; };
		CE26B2C817D5890600216231 /* ASIDownloadCache.h */ = {isa = PBXFileReference; fileEncoding = 4; lastKnownFileType = sourcecode.c.h; path = ASIDownloadCache.h; sourceTree = "<group>"; };
		CE26B2C917D5890600216231 /* ASIFormDataRequest.h */ = {isa = PBXFileReference; fileEncoding = 4; lastKnownFileType = sourcecode.c.h; path = ASIFormDataRequest.h; sourceTree = "<group>"; };
		CE26B2CA17D5890600216231 /* ASIHTTPRequest.h */ = {isa = PBXFileReference; fileEncoding = 4; lastKnownFileType = sourcecode.c.h; path = ASIHTTPRequest.h; sourceTree = "<group>"; };
		CE26B2CB17D5890600216231 /* ASIHTTPRequestConfig.h */ = {isa = PBXFileReference; fileEncoding = 4; lastKnownFileType = sourcecode.c.h; path = ASIHTTPRequestConfig.h; sourceTree = "<group>"; };
		CE26B2CC17D5890600216231 /* ASIHTTPRequestDelegate.h */ = {isa = PBXFileReference; fileEncoding = 4; lastKnownFileType = sourcecode.c.h; path = ASIHTTPRequestDelegate.h; sourceTree = "<group>"; };
		CE26B2CD17D5890600216231 /* ASIInputStream.h */ = {isa = PBXFileReference; fileEncoding = 4; lastKnownFileType = sourcecode.c.h; path = ASIInputStream.h; sourceTree = "<group>"; };
		CE26B2CE17D5890600216231 /* ASINetworkQueue.h */ = {isa = PBXFileReference; fileEncoding = 4; lastKnownFileType = sourcecode.c.h; path = ASINetworkQueue.h; sourceTree = "<group>"; };
		CE26B2CF17D5890600216231 /* ASIProgressDelegate.h */ = {isa = PBXFileReference; fileEncoding = 4; lastKnownFileType = sourcecode.c.h; path = ASIProgressDelegate.h; sourceTree = "<group>"; };
		CE26B2D017D5890600216231 /* libAsiHttpLibrary.a */ = {isa = PBXFileReference; lastKnownFileType = archive.ar; path = libAsiHttpLibrary.a; sourceTree = "<group>"; };
		CE26B2D117D5890600216231 /* libAsiHttpLibrary.a.zip */ = {isa = PBXFileReference; lastKnownFileType = archive.zip; path = libAsiHttpLibrary.a.zip; sourceTree = "<group>"; };
		CE26B2D317D5890600216231 /* Reachability.h */ = {isa = PBXFileReference; fileEncoding = 4; lastKnownFileType = sourcecode.c.h; path = Reachability.h; sourceTree = "<group>"; };
		CE26B2D517D5890600216231 /* GDataXMLNode.h */ = {isa = PBXFileReference; fileEncoding = 4; lastKnownFileType = sourcecode.c.h; path = GDataXMLNode.h; sourceTree = "<group>"; };
		CE26B2D617D5890600216231 /* GDataXMLNode.m */ = {isa = PBXFileReference; fileEncoding = 4; lastKnownFileType = sourcecode.c.objc; path = GDataXMLNode.m; sourceTree = "<group>"; };
		CE26B2D817D5890600216231 /* SqliteLib.h */ = {isa = PBXFileReference; fileEncoding = 4; lastKnownFileType = sourcecode.c.h; path = SqliteLib.h; sourceTree = "<group>"; };
		CE26B2D917D5890600216231 /* SqliteLib.m */ = {isa = PBXFileReference; fileEncoding = 4; lastKnownFileType = sourcecode.c.objc; path = SqliteLib.m; sourceTree = "<group>"; };
		CE26B2DE17D5890600216231 /* AlertUtil.h */ = {isa = PBXFileReference; fileEncoding = 4; lastKnownFileType = sourcecode.c.h; path = AlertUtil.h; sourceTree = "<group>"; };
		CE26B2DF17D5890600216231 /* AlertUtil.m */ = {isa = PBXFileReference; fileEncoding = 4; lastKnownFileType = sourcecode.c.objc; path = AlertUtil.m; sourceTree = "<group>"; };
		CE26B2E017D5890600216231 /* AppUtil.h */ = {isa = PBXFileReference; fileEncoding = 4; lastKnownFileType = sourcecode.c.h; path = AppUtil.h; sourceTree = "<group>"; };
		CE26B2E117D5890600216231 /* AppUtil.m */ = {isa = PBXFileReference; fileEncoding = 4; lastKnownFileType = sourcecode.c.objc; path = AppUtil.m; sourceTree = "<group>"; };
		CE26B2E217D5890600216231 /* AsyncTask.h */ = {isa = PBXFileReference; fileEncoding = 4; lastKnownFileType = sourcecode.c.h; path = AsyncTask.h; sourceTree = "<group>"; };
		CE26B2E317D5890600216231 /* AsyncTask.m */ = {isa = PBXFileReference; fileEncoding = 4; lastKnownFileType = sourcecode.c.objc; path = AsyncTask.m; sourceTree = "<group>"; };
		CE26B2E417D5890600216231 /* HttpClient.h */ = {isa = PBXFileReference; fileEncoding = 4; lastKnownFileType = sourcecode.c.h; path = HttpClient.h; sourceTree = "<group>"; };
		CE26B2E517D5890600216231 /* HttpClient.m */ = {isa = PBXFileReference; fileEncoding = 4; lastKnownFileType = sourcecode.c.objc; path = HttpClient.m; sourceTree = "<group>"; };
		CE26B2E617D5890600216231 /* LogUtil.h */ = {isa = PBXFileReference; fileEncoding = 4; lastKnownFileType = sourcecode.c.h; path = LogUtil.h; sourceTree = "<group>"; };
		CE26B2E717D5890600216231 /* LogUtil.m */ = {isa = PBXFileReference; fileEncoding = 4; lastKnownFileType = sourcecode.c.objc; path = LogUtil.m; sourceTree = "<group>"; };
		CE26B2E917D5890600216231 /* en */ = {isa = PBXFileReference; lastKnownFileType = text.plist.strings; name = en; path = en.lproj/InfoPlist.strings; sourceTree = "<group>"; };
		CE26B2EA17D5890600216231 /* main.m */ = {isa = PBXFileReference; fileEncoding = 4; lastKnownFileType = sourcecode.c.objc; path = main.m; sourceTree = "<group>"; };
		CE26B2EB17D5890600216231 /* ProjectFrame-Info.plist */ = {isa = PBXFileReference; fileEncoding = 4; lastKnownFileType = text.plist.xml; path = "ProjectFrame-Info.plist"; sourceTree = "<group>"; };
		CE26B2EC17D5890600216231 /* ProjectFrame-Prefix.pch */ = {isa = PBXFileReference; fileEncoding = 4; lastKnownFileType = sourcecode.c.h; path = "ProjectFrame-Prefix.pch"; sourceTree = "<group>"; };
		CE542E1C17D38A1900022C53 /* libsqlite3.dylib */ = {isa = PBXFileReference; lastKnownFileType = "compiled.mach-o.dylib"; name = libsqlite3.dylib; path = usr/lib/libsqlite3.dylib; sourceTree = SDKROOT; };
		CE542E1E17D38A2C00022C53 /* libxml2.dylib */ = {isa = PBXFileReference; lastKnownFileType = "compiled.mach-o.dylib"; name = libxml2.dylib; path = usr/lib/libxml2.dylib; sourceTree = SDKROOT; };
/* End PBXFileReference section */

/* Begin PBXFrameworksBuildPhase section */
		14B3F9E2150899ED00DD0BE4 /* Frameworks */ = {
			isa = PBXFrameworksBuildPhase;
			buildActionMask = 2147483647;
			files = (
				CE542E1F17D38A2C00022C53 /* libxml2.dylib in Frameworks */,
				CE542E1D17D38A1A00022C53 /* libsqlite3.dylib in Frameworks */,
				14B3F9EA150899ED00DD0BE4 /* UIKit.framework in Frameworks */,
				14B3F9EC150899ED00DD0BE4 /* Foundation.framework in Frameworks */,
				14B3F9EE150899ED00DD0BE4 /* CoreGraphics.framework in Frameworks */,
				CE26B2F617D5890600216231 /* libAsiHttpLibrary.a in Frameworks */,
			);
			runOnlyForDeploymentPostprocessing = 0;
		};
/* End PBXFrameworksBuildPhase section */

/* Begin PBXGroup section */
		14B3F9DA150899ED00DD0BE4 = {
			isa = PBXGroup;
			children = (
				CE26B2AE17D5890600216231 /* ProjectFrame */,
				14B3F9E8150899ED00DD0BE4 /* Frameworks */,
				14B3F9E6150899ED00DD0BE4 /* Products */,
			);
			sourceTree = "<group>";
		};
		14B3F9E6150899ED00DD0BE4 /* Products */ = {
			isa = PBXGroup;
			children = (
				14B3F9E5150899ED00DD0BE4 /* ProjectFrame.app */,
			);
			name = Products;
			sourceTree = "<group>";
		};
		14B3F9E8150899ED00DD0BE4 /* Frameworks */ = {
			isa = PBXGroup;
			children = (
				CE542E1E17D38A2C00022C53 /* libxml2.dylib */,
				CE542E1C17D38A1900022C53 /* libsqlite3.dylib */,
				14B3F9E9150899ED00DD0BE4 /* UIKit.framework */,
				14B3F9EB150899ED00DD0BE4 /* Foundation.framework */,
				14B3F9ED150899ED00DD0BE4 /* CoreGraphics.framework */,
			);
			name = Frameworks;
			sourceTree = "<group>";
		};
		CE26B2AE17D5890600216231 /* ProjectFrame */ = {
			isa = PBXGroup;
			children = (
				CE26B2ED17D5890600216231 /* Resource */,
				CE26B2AF17D5890600216231 /* Classes */,
				CE26B2E817D5890600216231 /* InfoPlist.strings */,
				CE26B2EA17D5890600216231 /* main.m */,
				CE26B2EB17D5890600216231 /* ProjectFrame-Info.plist */,
				CE26B2EC17D5890600216231 /* ProjectFrame-Prefix.pch */,
			);
			path = ProjectFrame;
			sourceTree = "<group>";
		};
		CE26B2AF17D5890600216231 /* Classes */ = {
			isa = PBXGroup;
			children = (
				CE26B2B017D5890600216231 /* AppDelegate.h */,
				CE26B2B117D5890600216231 /* AppDelegate.m */,
				CE26B2B217D5890600216231 /* Common */,
				CE26B2B417D5890600216231 /* Component */,
				CE26B2B517D5890600216231 /* Constant.h */,
				CE26B2B617D5890600216231 /* Controller */,
				CE26B2C217D5890600216231 /* Lib */,
				CE26B2DA17D5890600216231 /* Model */,
				CE26B2DB17D5890600216231 /* Parser */,
				CE26B2DC17D5890600216231 /* Service */,
				CE26B2DD17D5890600216231 /* Util */,
			);
			path = Classes;
			sourceTree = "<group>";
		};
		CE26B2B217D5890600216231 /* Common */ = {
			isa = PBXGroup;
			children = (
				CE26B2B317D5890600216231 /* GDataXml */,
			);
			path = Common;
			sourceTree = "<group>";
		};
		CE26B2B317D5890600216231 /* GDataXml */ = {
			isa = PBXGroup;
			children = (
			);
			path = GDataXml;
			sourceTree = "<group>";
		};
		CE26B2B417D5890600216231 /* Component */ = {
			isa = PBXGroup;
			children = (
			);
			path = Component;
			sourceTree = "<group>";
		};
		CE26B2B617D5890600216231 /* Controller */ = {
			isa = PBXGroup;
			children = (
				CE26B2B717D5890600216231 /* Common */,
				CE26B2C017D5890600216231 /* iPad */,
				CE26B2C117D5890600216231 /* iPhone */,
			);
			path = Controller;
			sourceTree = "<group>";
		};
		CE26B2B717D5890600216231 /* Common */ = {
			isa = PBXGroup;
			children = (
				CE26B2B817D5890600216231 /* Base */,
				CE26B2BB17D5890600216231 /* Navigation */,
				CE26B2BC17D5890600216231 /* Root */,
				CE26B2BF17D5890600216231 /* Tabbar */,
			);
			path = Common;
			sourceTree = "<group>";
		};
		CE26B2B817D5890600216231 /* Base */ = {
			isa = PBXGroup;
			children = (
				CE26B2B917D5890600216231 /* BaseViewController.h */,
				CE26B2BA17D5890600216231 /* BaseViewController.m */,
			);
			path = Base;
			sourceTree = "<group>";
		};
		CE26B2BB17D5890600216231 /* Navigation */ = {
			isa = PBXGroup;
			children = (
			);
			path = Navigation;
			sourceTree = "<group>";
		};
		CE26B2BC17D5890600216231 /* Root */ = {
			isa = PBXGroup;
			children = (
				CE26B2BD17D5890600216231 /* RootViewController.h */,
				CE26B2BE17D5890600216231 /* RootViewController.m */,
			);
			path = Root;
			sourceTree = "<group>";
		};
		CE26B2BF17D5890600216231 /* Tabbar */ = {
			isa = PBXGroup;
			children = (
			);
			path = Tabbar;
			sourceTree = "<group>";
		};
		CE26B2C017D5890600216231 /* iPad */ = {
			isa = PBXGroup;
			children = (
			);
			path = iPad;
			sourceTree = "<group>";
		};
		CE26B2C117D5890600216231 /* iPhone */ = {
			isa = PBXGroup;
			children = (
			);
			path = iPhone;
			sourceTree = "<group>";
		};
		CE26B2C217D5890600216231 /* Lib */ = {
			isa = PBXGroup;
			children = (
				CE26B2C317D5890600216231 /* AsiHttpRequest */,
				CE26B2D417D5890600216231 /* GData */,
				CE26B2D717D5890600216231 /* Sqlite */,
			);
			path = Lib;
			sourceTree = "<group>";
		};
		CE26B2C317D5890600216231 /* AsiHttpRequest */ = {
			isa = PBXGroup;
			children = (
				CE26B2C417D5890600216231 /* ASIAuthenticationDialog.h */,
				CE26B2C517D5890600216231 /* ASICacheDelegate.h */,
				CE26B2C617D5890600216231 /* ASIDataCompressor.h */,
				CE26B2C717D5890600216231 /* ASIDataDecompressor.h */,
				CE26B2C817D5890600216231 /* ASIDownloadCache.h */,
				CE26B2C917D5890600216231 /* ASIFormDataRequest.h */,
				CE26B2CA17D5890600216231 /* ASIHTTPRequest.h */,
				CE26B2CB17D5890600216231 /* ASIHTTPRequestConfig.h */,
				CE26B2CC17D5890600216231 /* ASIHTTPRequestDelegate.h */,
				CE26B2CD17D5890600216231 /* ASIInputStream.h */,
				CE26B2CE17D5890600216231 /* ASINetworkQueue.h */,
				CE26B2CF17D5890600216231 /* ASIProgressDelegate.h */,
				CE26B2D017D5890600216231 /* libAsiHttpLibrary.a */,
				CE26B2D117D5890600216231 /* libAsiHttpLibrary.a.zip */,
				CE26B2D217D5890600216231 /* Reachability */,
			);
			path = AsiHttpRequest;
			sourceTree = "<group>";
		};
		CE26B2D217D5890600216231 /* Reachability */ = {
			isa = PBXGroup;
			children = (
				CE26B2D317D5890600216231 /* Reachability.h */,
			);
			path = Reachability;
			sourceTree = "<group>";
		};
		CE26B2D417D5890600216231 /* GData */ = {
			isa = PBXGroup;
			children = (
				CE26B2D517D5890600216231 /* GDataXMLNode.h */,
				CE26B2D617D5890600216231 /* GDataXMLNode.m */,
			);
			path = GData;
			sourceTree = "<group>";
		};
		CE26B2D717D5890600216231 /* Sqlite */ = {
			isa = PBXGroup;
			children = (
				CE26B2D817D5890600216231 /* SqliteLib.h */,
				CE26B2D917D5890600216231 /* SqliteLib.m */,
			);
			path = Sqlite;
			sourceTree = "<group>";
		};
		CE26B2DA17D5890600216231 /* Model */ = {
			isa = PBXGroup;
			children = (
			);
			path = Model;
			sourceTree = "<group>";
		};
		CE26B2DB17D5890600216231 /* Parser */ = {
			isa = PBXGroup;
			children = (
			);
			path = Parser;
			sourceTree = "<group>";
		};
		CE26B2DC17D5890600216231 /* Service */ = {
			isa = PBXGroup;
			children = (
			);
			path = Service;
			sourceTree = "<group>";
		};
		CE26B2DD17D5890600216231 /* Util */ = {
			isa = PBXGroup;
			children = (
				CE26B2DE17D5890600216231 /* AlertUtil.h */,
				CE26B2DF17D5890600216231 /* AlertUtil.m */,
				CE26B2E017D5890600216231 /* AppUtil.h */,
				CE26B2E117D5890600216231 /* AppUtil.m */,
				CE26B2E217D5890600216231 /* AsyncTask.h */,
				CE26B2E317D5890600216231 /* AsyncTask.m */,
				CE26B2E417D5890600216231 /* HttpClient.h */,
				CE26B2E517D5890600216231 /* HttpClient.m */,
				CE26B2E617D5890600216231 /* LogUtil.h */,
				CE26B2E717D5890600216231 /* LogUtil.m */,
			);
			path = Util;
			sourceTree = "<group>";
		};
		CE26B2ED17D5890600216231 /* Resource */ = {
			isa = PBXGroup;
			children = (
				CE26B2EE17D5890600216231 /* Data */,
				CE26B2EF17D5890600216231 /* Font */,
				CE26B2F017D5890600216231 /* Image */,
				CE26B2F117D5890600216231 /* Language */,
				CE26B2F217D5890600216231 /* Theme */,
			);
			path = Resource;
			sourceTree = "<group>";
		};
		CE26B2EE17D5890600216231 /* Data */ = {
			isa = PBXGroup;
			children = (
			);
			path = Data;
			sourceTree = "<group>";
		};
		CE26B2EF17D5890600216231 /* Font */ = {
			isa = PBXGroup;
			children = (
			);
			path = Font;
			sourceTree = "<group>";
		};
		CE26B2F017D5890600216231 /* Image */ = {
			isa = PBXGroup;
			children = (
			);
			path = Image;
			sourceTree = "<group>";
		};
		CE26B2F117D5890600216231 /* Language */ = {
			isa = PBXGroup;
			children = (
			);
			path = Language;
			sourceTree = "<group>";
		};
		CE26B2F217D5890600216231 /* Theme */ = {
			isa = PBXGroup;
			children = (
			);
			path = Theme;
			sourceTree = "<group>";
		};
/* End PBXGroup section */

/* Begin PBXNativeTarget section */
		14B3F9E4150899ED00DD0BE4 /* ProjectFrame */ = {
			isa = PBXNativeTarget;
			buildConfigurationList = 14B3F9FD150899ED00DD0BE4 /* Build configuration list for PBXNativeTarget "ProjectFrame" */;
			buildPhases = (
				14B3F9E1150899ED00DD0BE4 /* Sources */,
				14B3F9E2150899ED00DD0BE4 /* Frameworks */,
				14B3F9E3150899ED00DD0BE4 /* Resources */,
			);
			buildRules = (
			);
			dependencies = (
			);
			name = ProjectFrame;
			productName = MyFrame;
			productReference = 14B3F9E5150899ED00DD0BE4 /* ProjectFrame.app */;
			productType = "com.apple.product-type.application";
		};
/* End PBXNativeTarget section */

/* Begin PBXProject section */
		14B3F9DC150899ED00DD0BE4 /* Project object */ = {
			isa = PBXProject;
			attributes = {
				LastUpgradeCheck = 0420;
			};
			buildConfigurationList = 14B3F9DF150899ED00DD0BE4 /* Build configuration list for PBXProject "ProjectFrame" */;
			compatibilityVersion = "Xcode 3.2";
			developmentRegion = English;
			hasScannedForEncodings = 0;
			knownRegions = (
				en,
			);
			mainGroup = 14B3F9DA150899ED00DD0BE4;
			productRefGroup = 14B3F9E6150899ED00DD0BE4 /* Products */;
			projectDirPath = "";
			projectRoot = "";
			targets = (
				14B3F9E4150899ED00DD0BE4 /* ProjectFrame */,
			);
		};
/* End PBXProject section */

/* Begin PBXResourcesBuildPhase section */
		14B3F9E3150899ED00DD0BE4 /* Resources */ = {
			isa = PBXResourcesBuildPhase;
			buildActionMask = 2147483647;
			files = (
				CE26B2F717D5890600216231 /* libAsiHttpLibrary.a.zip in Resources */,
				CE26B2FF17D5890600216231 /* InfoPlist.strings in Resources */,
				CE26B30117D5890600216231 /* ProjectFrame-Info.plist in Resources */,
			);
			runOnlyForDeploymentPostprocessing = 0;
		};
/* End PBXResourcesBuildPhase section */

/* Begin PBXSourcesBuildPhase section */
		14B3F9E1150899ED00DD0BE4 /* Sources */ = {
			isa = PBXSourcesBuildPhase;
			buildActionMask = 2147483647;
			files = (
				CE26B2F317D5890600216231 /* AppDelegate.m in Sources */,
				CE26B2F417D5890600216231 /* BaseViewController.m in Sources */,
				CE26B2F517D5890600216231 /* RootViewController.m in Sources */,
				CE26B2F817D5890600216231 /* GDataXMLNode.m in Sources */,
				CE26B2F917D5890600216231 /* SqliteLib.m in Sources */,
				CE26B2FA17D5890600216231 /* AlertUtil.m in Sources */,
				CE26B2FB17D5890600216231 /* AppUtil.m in Sources */,
				CE26B2FC17D5890600216231 /* AsyncTask.m in Sources */,
				CE26B2FD17D5890600216231 /* HttpClient.m in Sources */,
				CE26B2FE17D5890600216231 /* LogUtil.m in Sources */,
				CE26B30017D5890600216231 /* main.m in Sources */,
			);
			runOnlyForDeploymentPostprocessing = 0;
		};
/* End PBXSourcesBuildPhase section */

/* Begin PBXVariantGroup section */
		CE26B2E817D5890600216231 /* InfoPlist.strings */ = {
			isa = PBXVariantGroup;
			children = (
				CE26B2E917D5890600216231 /* en */,
			);
			name = InfoPlist.strings;
			sourceTree = "<group>";
		};
/* End PBXVariantGroup section */

/* Begin XCBuildConfiguration section */
		14B3F9FB150899ED00DD0BE4 /* Debug */ = {
			isa = XCBuildConfiguration;
			buildSettings = {
				ALWAYS_SEARCH_USER_PATHS = NO;
				ARCHS = "$(ARCHS_STANDARD_32_BIT)";
				CLANG_ENABLE_OBJC_ARC = NO;
				"CODE_SIGN_IDENTITY[sdk=iphoneos*]" = "iPhone Developer";
				COPY_PHASE_STRIP = NO;
				GCC_C_LANGUAGE_STANDARD = gnu99;
				GCC_DYNAMIC_NO_PIC = NO;
				GCC_OPTIMIZATION_LEVEL = 0;
				GCC_PREPROCESSOR_DEFINITIONS = (
					"DEBUG=1",
					"$(inherited)",
				);
				GCC_SYMBOLS_PRIVATE_EXTERN = NO;
				GCC_VERSION = com.apple.compilers.llvm.clang.1_0;
				GCC_WARN_ABOUT_MISSING_PROTOTYPES = YES;
				GCC_WARN_ABOUT_RETURN_TYPE = YES;
				GCC_WARN_UNUSED_VARIABLE = YES;
				IPHONEOS_DEPLOYMENT_TARGET = 5.0;
				SDKROOT = iphoneos;
				TARGETED_DEVICE_FAMILY = "1,2";
			};
			name = Debug;
		};
		14B3F9FC150899ED00DD0BE4 /* Release */ = {
			isa = XCBuildConfiguration;
			buildSettings = {
				ALWAYS_SEARCH_USER_PATHS = NO;
				ARCHS = "$(ARCHS_STANDARD_32_BIT)";
				CLANG_ENABLE_OBJC_ARC = NO;
				"CODE_SIGN_IDENTITY[sdk=iphoneos*]" = "iPhone Developer";
				COPY_PHASE_STRIP = YES;
				GCC_C_LANGUAGE_STANDARD = gnu99;
				GCC_VERSION = com.apple.compilers.llvm.clang.1_0;
				GCC_WARN_ABOUT_MISSING_PROTOTYPES = YES;
				GCC_WARN_ABOUT_RETURN_TYPE = YES;
				GCC_WARN_UNUSED_VARIABLE = YES;
				IPHONEOS_DEPLOYMENT_TARGET = 5.0;
				OTHER_CFLAGS = "-DNS_BLOCK_ASSERTIONS=1";
				SDKROOT = iphoneos;
				TARGETED_DEVICE_FAMILY = "1,2";
				VALIDATE_PRODUCT = YES;
			};
			name = Release;
		};
		14B3F9FE150899ED00DD0BE4 /* Debug */ = {
			isa = XCBuildConfiguration;
			buildSettings = {
				GCC_PRECOMPILE_PREFIX_HEADER = YES;
				GCC_PREFIX_HEADER = "ProjectFrame/ProjectFrame-Prefix.pch";
				HEADER_SEARCH_PATHS = /usr/include/libxml2;
				INFOPLIST_FILE = "$(SRCROOT)/ProjectFrame/ProjectFrame-Info.plist";
				LIBRARY_SEARCH_PATHS = (
					"$(inherited)",
					"\"$(SRCROOT)/MyFrame/Classes/Lib/AsiHttpRequest\"",
					"\"$(SRCROOT)/ProjectFrame/Classes/Lib/AsiHttpRequest\"",
				);
				PRODUCT_NAME = ProjectFrame;
				WRAPPER_EXTENSION = app;
			};
			name = Debug;
		};
		14B3F9FF150899ED00DD0BE4 /* Release */ = {
			isa = XCBuildConfiguration;
			buildSettings = {
				GCC_PRECOMPILE_PREFIX_HEADER = YES;
				GCC_PREFIX_HEADER = "ProjectFrame/ProjectFrame-Prefix.pch";
				HEADER_SEARCH_PATHS = /usr/include/libxml2;
				INFOPLIST_FILE = "$(SRCROOT)/ProjectFrame/ProjectFrame-Info.plist";
				LIBRARY_SEARCH_PATHS = (
					"$(inherited)",
					"\"$(SRCROOT)/MyFrame/Classes/Lib/AsiHttpRequest\"",
					"\"$(SRCROOT)/ProjectFrame/Classes/Lib/AsiHttpRequest\"",
				);
				PRODUCT_NAME = ProjectFrame;
				WRAPPER_EXTENSION = app;
			};
			name = Release;
		};
/* End XCBuildConfiguration section */

/* Begin XCConfigurationList section */
		14B3F9DF150899ED00DD0BE4 /* Build configuration list for PBXProject "ProjectFrame" */ = {
			isa = XCConfigurationList;
			buildConfigurations = (
				14B3F9FB150899ED00DD0BE4 /* Debug */,
				14B3F9FC150899ED00DD0BE4 /* Release */,
			);
			defaultConfigurationIsVisible = 0;
			defaultConfigurationName = Release;
		};
		14B3F9FD150899ED00DD0BE4 /* Build configuration list for PBXNativeTarget "ProjectFrame" */ = {
			isa = XCConfigurationList;
			buildConfigurations = (
				14B3F9FE150899ED00DD0BE4 /* Debug */,
				14B3F9FF150899ED00DD0BE4 /* Release */,
			);
			defaultConfigurationIsVisible = 0;
			defaultConfigurationName = Release;
		};
/* End XCConfigurationList section */
	};
	rootObject = 14B3F9DC150899ED00DD0BE4 /* Project object */;
}
